dependencies:
- name: postgresql
  repository: oci://registry-1.docker.io/bitnamicharts
  version: 16.6.0
- name: redis
  repository: oci://registry-1.docker.io/bitnamicharts
  version: 20.11.4
- name: minio
  repository: oci://registry-1.docker.io/bitnamicharts
  version: 16.0.2
digest: sha256:64156787e1ac7d06f84097882226c29132533037d387fabc7c414b7a7bcd71cd
generated: "2025-04-07T10:33:52.245344+02:00"
